
Microsoft Visual Studio Solution File, Format Version 12.00
# Visual Studio Version 17
VisualStudioVersion = 17.10.35122.118
MinimumVisualStudioVersion = 10.0.40219.1
Project("{FAE04EC0-301F-11D3-BF4B-00C04F79EFBC}") = "BlazorSampleAppWASMLocal", "BlazorSampleAppWASMLocal\BlazorSampleAppWASMLocal\BlazorSampleAppWASMLocal.csproj", "{2091F921-2152-432F-8301-0315F924CAA5}"
EndProject
Project("{FAE04EC0-301F-11D3-BF4B-00C04F79EFBC}") = "BlazorSampleAppWASMLocal.Client", "BlazorSampleAppWASMLocal\BlazorSampleAppWASMLocal.Client\BlazorSampleAppWASMLocal.Client.csproj", "{2FD62BCC-A877-4511-A600-6E15B8C485E2}"
EndProject
Global
	GlobalSection(SolutionConfigurationPlatforms) = preSolution
		Debug|Any CPU = Debug|Any CPU
		Release|Any CPU = Release|Any CPU
	EndGlobalSection
	GlobalSection(ProjectConfigurationPlatforms) = postSolution
		{2091F921-2152-432F-8301-0315F924CAA5}.Debug|Any CPU.ActiveCfg = Debug|Any CPU
		{2091F921-2152-432F-8301-0315F924CAA5}.Debug|Any CPU.Build.0 = Debug|Any CPU
		{2091F921-2152-432F-8301-0315F924CAA5}.Release|Any CPU.ActiveCfg = Release|Any CPU
		{2091F921-2152-432F-8301-0315F924CAA5}.Release|Any CPU.Build.0 = Release|Any CPU
		{2FD62BCC-A877-4511-A600-6E15B8C485E2}.Debug|Any CPU.ActiveCfg = Debug|Any CPU
		{2FD62BCC-A877-4511-A600-6E15B8C485E2}.Debug|Any CPU.Build.0 = Debug|Any CPU
		{2FD62BCC-A877-4511-A600-6E15B8C485E2}.Release|Any CPU.ActiveCfg = Release|Any CPU
		{2FD62BCC-A877-4511-A600-6E15B8C485E2}.Release|Any CPU.Build.0 = Release|Any CPU
	EndGlobalSection
	GlobalSection(SolutionProperties) = preSolution
		HideSolutionNode = FALSE
	EndGlobalSection
	GlobalSection(ExtensibilityGlobals) = postSolution
		SolutionGuid = {A05580B1-3EBB-4D34-B260-312C855F25F7}
	EndGlobalSection
EndGlobal
